hash: b97b93ffa6ea6401bb417bd9d46abf2053783a1f48358d394749d52b2c485d7f
updated: 2018-04-22T18:42:42.433990206+09:00
imports:
- name: github.com/go-telegram-bot-api/telegram-bot-api
  version: 0e0af0c480ea98e982d5f4d45fb39577c6ab1e3e
- name: github.com/gorilla/context
  version: 08b5f424b9271eedf6f9f0ce86cb9396ed337a42
- name: github.com/gorilla/mux
  version: 392c28fe23e1c45ddba891b0320b3b5df220beea
- name: github.com/joho/godotenv
  version: a79fa1e548e2c689c241d10173efd51e5d689d5b
- name: github.com/markbates/going
  version: 0576708c56cea02331f864fe6e157ac7841923e4
  subpackages:
  - defaults
- name: github.com/Sirupsen/logrus
  version: ba1b36c82c5e05c4f912a88eab0dcd91a171688f
- name: github.com/technoweenie/multipartstreamer
  version: a90a01d73ae432e2611d178c18367fbaa13e0154
- name: github.com/urfave/negroni
  version: fde5e16d32adc7ad637e9cd9ad21d4ebc6192535
- name: github.com/yanzay/log
  version: 87352bb235060cca8427c8f9fdd68c83b38ba461
- name: github.com/yanzay/tbot
  version: 7881ddab5b13cfb8921188bc01a770193c0ffaca
  subpackages:
  - internal/adapter
  - model
- name: golang.org/x/sys
  version: 8d1157a435470616f975ff9bb013bea8d0962067
  subpackages:
  - unix
testImports: []
